
Microsoft Visual Studio Solution File, Format Version 12.00
# Visual Studio Version 17
VisualStudioVersion = 17.6.33829.357
MinimumVisualStudioVersion = 10.0.40219.1
Project("{FAE04EC0-301F-11D3-BF4B-00C04F79EFBC}") = "DatingAppSql21012024", "DatingAppSql21012024\DatingAppSql21012024.csproj", "{1C362957-2E5E-42FF-8E00-C028C9AA5A90}"
EndProject
Global
	GlobalSection(SolutionConfigurationPlatforms) = preSolution
		Debug|Any CPU = Debug|Any CPU
		Release|Any CPU = Release|Any CPU
	EndGlobalSection
	GlobalSection(ProjectConfigurationPlatforms) = postSolution
		{1C362957-2E5E-42FF-8E00-C028C9AA5A90}.Debug|Any CPU.ActiveCfg = Debug|Any CPU
		{1C362957-2E5E-42FF-8E00-C028C9AA5A90}.Debug|Any CPU.Build.0 = Debug|Any CPU
		{1C362957-2E5E-42FF-8E00-C028C9AA5A90}.Release|Any CPU.ActiveCfg = Release|Any CPU
		{1C362957-2E5E-42FF-8E00-C028C9AA5A90}.Release|Any CPU.Build.0 = Release|Any CPU
	EndGlobalSection
	GlobalSection(SolutionProperties) = preSolution
		HideSolutionNode = FALSE
	EndGlobalSection
	GlobalSection(ExtensibilityGlobals) = postSolution
		SolutionGuid = {36F75CFB-1338-4AC6-8F90-190BD768EB82}
	EndGlobalSection
EndGlobal
